
Microsoft Visual Studio Solution File, Format Version 12.00
# Visual Studio 15
VisualStudioVersion = 15.0.28307.572
MinimumVisualStudioVersion = 10.0.40219.1
Project("{9A19103F-16F7-4668-BE54-9A1E7A4F7556}") = "MvcControllerWithRabbitMQ", "MvcControllerWithRabbitMQ.csproj", "{55787456-FE67-4BB9-BDE2-59CEA009181B}"
EndProject
Global
	GlobalSection(SolutionConfigurationPlatforms) = preSolution
		Debug|Any CPU = Debug|Any CPU
		Release|Any CPU = Release|Any CPU
	EndGlobalSection
	GlobalSection(ProjectConfigurationPlatforms) = postSolution
		{55787456-FE67-4BB9-BDE2-59CEA009181B}.Debug|Any CPU.ActiveCfg = Debug|Any CPU
		{55787456-FE67-4BB9-BDE2-59CEA009181B}.Debug|Any CPU.Build.0 = Debug|Any CPU
		{55787456-FE67-4BB9-BDE2-59CEA009181B}.Release|Any CPU.ActiveCfg = Release|Any CPU
		{55787456-FE67-4BB9-BDE2-59CEA009181B}.Release|Any CPU.Build.0 = Release|Any CPU
	EndGlobalSection
	GlobalSection(SolutionProperties) = preSolution
		HideSolutionNode = FALSE
	EndGlobalSection
	GlobalSection(ExtensibilityGlobals) = postSolution
		SolutionGuid = {440DEE77-8651-41A2-89C1-131B80934F32}
	EndGlobalSection
EndGlobal
